Microsoft Visual Studio Solution File, Format Version 8.00
Project("{F184B08F-C81C-45F6-A57F-5ABD9991F28F}") = "relation", "http://localhost/relation/relation.vbproj", "{F4F4BB6A-0F03-4051-A1CF-F3589AA71617}"
	ProjectSection(ProjectDependencies) = postProject
	EndProjectSection
EndProject
Global
	GlobalSection(SolutionConfiguration) = preSolution
		Debug = Debug
		Release = Release
	EndGlobalSection
	GlobalSection(ProjectConfiguration) = postSolution
		{F4F4BB6A-0F03-4051-A1CF-F3589AA71617}.Debug.ActiveCfg = Debug|.NET
		{F4F4BB6A-0F03-4051-A1CF-F3589AA71617}.Debug.Build.0 = Debug|.NET
		{F4F4BB6A-0F03-4051-A1CF-F3589AA71617}.Release.ActiveCfg = Release|.NET
		{F4F4BB6A-0F03-4051-A1CF-F3589AA71617}.Release.Build.0 = Release|.NET
	EndGlobalSection
	GlobalSection(ExtensibilityGlobals) = postSolution
	EndGlobalSection
	GlobalSection(ExtensibilityAddIns) = postSolution
	EndGlobalSection
EndGlobal
